
Microsoft Visual Studio Solution File, Format Version 12.00
# Visual Studio Version 16
VisualStudioVersion = 16.0.31702.278
MinimumVisualStudioVersion = 10.0.40219.1
Project("{FAE04EC0-301F-11D3-BF4B-00C04F79EFBC}") = "WinFormsApp1", "WinFormsApp1\WinFormsApp1.csproj", "{AAD12FA0-11C1-4243-A8C9-24162024774E}"
EndProject
Global
	GlobalSection(SolutionConfigurationPlatforms) = preSolution
		Debug|Any CPU = Debug|Any CPU
		Release|Any CPU = Release|Any CPU
	EndGlobalSection
	GlobalSection(ProjectConfigurationPlatforms) = postSolution
		{AAD12FA0-11C1-4243-A8C9-24162024774E}.Debug|Any CPU.ActiveCfg = Debug|Any CPU
		{AAD12FA0-11C1-4243-A8C9-24162024774E}.Debug|Any CPU.Build.0 = Debug|Any CPU
		{AAD12FA0-11C1-4243-A8C9-24162024774E}.Release|Any CPU.ActiveCfg = Release|Any CPU
		{AAD12FA0-11C1-4243-A8C9-24162024774E}.Release|Any CPU.Build.0 = Release|Any CPU
	EndGlobalSection
	GlobalSection(SolutionProperties) = preSolution
		HideSolutionNode = FALSE
	EndGlobalSection
	GlobalSection(ExtensibilityGlobals) = postSolution
		SolutionGuid = {10D4697C-ED7D-4E5B-A1E1-18AE5449F611}
	EndGlobalSection
EndGlobal
